
Microsoft Visual Studio Solution File, Format Version 12.00
# Visual Studio 15
VisualStudioVersion = 15.0.28307.271
MinimumVisualStudioVersion = 10.0.40219.1
Project("{FAE04EC0-301F-11D3-BF4B-00C04F79EFBC}") = "TokenizableWebAPI", "TokenizableWebAPI\TokenizableWebAPI.csproj", "{219CEE80-FB10-4486-B06B-D43C5973A579}"
EndProject
Global
	GlobalSection(SolutionConfigurationPlatforms) = preSolution
		Debug|Any CPU = Debug|Any CPU
		Release|Any CPU = Release|Any CPU
	EndGlobalSection
	GlobalSection(ProjectConfigurationPlatforms) = postSolution
		{219CEE80-FB10-4486-B06B-D43C5973A579}.Debug|Any CPU.ActiveCfg = Debug|Any CPU
		{219CEE80-FB10-4486-B06B-D43C5973A579}.Debug|Any CPU.Build.0 = Debug|Any CPU
		{219CEE80-FB10-4486-B06B-D43C5973A579}.Release|Any CPU.ActiveCfg = Release|Any CPU
		{219CEE80-FB10-4486-B06B-D43C5973A579}.Release|Any CPU.Build.0 = Release|Any CPU
	EndGlobalSection
	GlobalSection(SolutionProperties) = preSolution
		HideSolutionNode = FALSE
	EndGlobalSection
	GlobalSection(ExtensibilityGlobals) = postSolution
		SolutionGuid = {F90F4B81-7920-444B-9CB3-47464C1F0B03}
	EndGlobalSection
EndGlobal
